
Microsoft Visual Studio Solution File, Format Version 12.00
# Visual Studio Version 17
VisualStudioVersion = 17.8.34330.188
MinimumVisualStudioVersion = 10.0.40219.1
Project("{9A19103F-16F7-4668-BE54-9A1E7A4F7556}") = "EFConcat", "EFConcat.csproj", "{5670339D-EAC1-4CE8-83FF-495FC8F2F8E0}"
EndProject
Global
	GlobalSection(SolutionConfigurationPlatforms) = preSolution
		Debug|Any CPU = Debug|Any CPU
		Release|Any CPU = Release|Any CPU
	EndGlobalSection
	GlobalSection(ProjectConfigurationPlatforms) = postSolution
		{5670339D-EAC1-4CE8-83FF-495FC8F2F8E0}.Debug|Any CPU.ActiveCfg = Debug|Any CPU
		{5670339D-EAC1-4CE8-83FF-495FC8F2F8E0}.Debug|Any CPU.Build.0 = Debug|Any CPU
		{5670339D-EAC1-4CE8-83FF-495FC8F2F8E0}.Release|Any CPU.ActiveCfg = Release|Any CPU
		{5670339D-EAC1-4CE8-83FF-495FC8F2F8E0}.Release|Any CPU.Build.0 = Release|Any CPU
	EndGlobalSection
	GlobalSection(SolutionProperties) = preSolution
		HideSolutionNode = FALSE
	EndGlobalSection
	GlobalSection(ExtensibilityGlobals) = postSolution
		SolutionGuid = {70239246-A8E4-482E-B1FF-F94AB8D0A580}
	EndGlobalSection
EndGlobal
